
Microsoft Visual Studio Solution File, Format Version 12.00
# Visual Studio Version 17
VisualStudioVersion = 17.5.33516.290
MinimumVisualStudioVersion = 10.0.40219.1
Project("{8BC9CEB8-8B4A-11D0-8D11-00A0C91BC942}") = "MergeSort", "MergeSort.vcxproj", "{EF53FEBF-39BB-4296-ABB0-E618D66964EE}"
EndProject
Global
	GlobalSection(SolutionConfigurationPlatforms) = preSolution
		Debug|x64 = Debug|x64
		Debug|x86 = Debug|x86
		Release|x64 = Release|x64
		Release|x86 = Release|x86
	EndGlobalSection
	GlobalSection(ProjectConfigurationPlatforms) = postSolution
		{EF53FEBF-39BB-4296-ABB0-E618D66964EE}.Debug|x64.ActiveCfg = Debug|x64
		{EF53FEBF-39BB-4296-ABB0-E618D66964EE}.Debug|x64.Build.0 = Debug|x64
		{EF53FEBF-39BB-4296-ABB0-E618D66964EE}.Debug|x86.ActiveCfg = Debug|Win32
		{EF53FEBF-39BB-4296-ABB0-E618D66964EE}.Debug|x86.Build.0 = Debug|Win32
		{EF53FEBF-39BB-4296-ABB0-E618D66964EE}.Release|x64.ActiveCfg = Release|x64
		{EF53FEBF-39BB-4296-ABB0-E618D66964EE}.Release|x64.Build.0 = Release|x64
		{EF53FEBF-39BB-4296-ABB0-E618D66964EE}.Release|x86.ActiveCfg = Release|Win32
		{EF53FEBF-39BB-4296-ABB0-E618D66964EE}.Release|x86.Build.0 = Release|Win32
	EndGlobalSection
	GlobalSection(SolutionProperties) = preSolution
		HideSolutionNode = FALSE
	EndGlobalSection
	GlobalSection(ExtensibilityGlobals) = postSolution
		SolutionGuid = {109AE164-7850-403C-9EBF-8D85B1067F9B}
	EndGlobalSection
EndGlobal
